# This file is autogenerated, do not edit; changes may be undone by the next 'dep ensure'.


[[projects]]
  branch = "master"
  name = "github.com/duminghui/go-util"
  packages = ["utime"]
  revision = "033f35cd6d4861839f03faea50ae22962a248952"

[[projects]]
  branch = "master"
  name = "github.com/francoispqt/gojay"
  packages = ["."]
  revision = "f324ba095c277e728ad680061a19cf9ff080bced"

[[projects]]
  branch = "master"
  name = "github.com/go-sql-driver/mysql"
  packages = ["."]
  revision = "749ddf1598b47e3cd909414bda735fe790ef3d30"

[[projects]]
  branch = "master"
  name = "github.com/jmoiron/sqlx"
  packages = [
    ".",
    "reflectx"
  ]
  revision = "0dae4fefe7c0e190f7b5a78dac28a1c82cc8d849"

[[projects]]
  branch = "master"
  name = "google.golang.org/appengine"
  packages = ["cloudsql"]
  revision = "b1f26356af11148e710935ed1ac8a7f5702c7612"
  source = "github.com/golang/appengine"

[solve-meta]
  analyzer-name = "dep"
  analyzer-version = 1
  inputs-digest = "312184469fd1fa49d046803348ea32ba3f3f5451b924e713ac905024a254bfdc"
  solver-name = "gps-cdcl"
  solver-version = 1
